
Microsoft Visual Studio Solution File, Format Version 12.00
# Visual Studio Version 17
VisualStudioVersion = 17.14.36717.8 d17.14
MinimumVisualStudioVersion = 10.0.40219.1
Project("{FAE04EC0-301F-11D3-BF4B-00C04F79EFBC}") = "ComunicacionVistaControlador", "ComunicacionVistaControlador\ComunicacionVistaControlador.csproj", "{77EED8A0-AE1B-4ABB-9E0F-3F9867F23101}"
EndProject
Global
	GlobalSection(SolutionConfigurationPlatforms) = preSolution
		Debug|Any CPU = Debug|Any CPU
		Release|Any CPU = Release|Any CPU
	EndGlobalSection
	GlobalSection(ProjectConfigurationPlatforms) = postSolution
		{77EED8A0-AE1B-4ABB-9E0F-3F9867F23101}.Debug|Any CPU.ActiveCfg = Debug|Any CPU
		{77EED8A0-AE1B-4ABB-9E0F-3F9867F23101}.Debug|Any CPU.Build.0 = Debug|Any CPU
		{77EED8A0-AE1B-4ABB-9E0F-3F9867F23101}.Release|Any CPU.ActiveCfg = Release|Any CPU
		{77EED8A0-AE1B-4ABB-9E0F-3F9867F23101}.Release|Any CPU.Build.0 = Release|Any CPU
	EndGlobalSection
	GlobalSection(SolutionProperties) = preSolution
		HideSolutionNode = FALSE
	EndGlobalSection
	GlobalSection(ExtensibilityGlobals) = postSolution
		SolutionGuid = {7C9FF1FB-205E-4401-B9F2-57D2EF047488}
	EndGlobalSection
EndGlobal
